
Microsoft Visual Studio Solution File, Format Version 12.00
# Visual Studio Version 17
VisualStudioVersion = 17.9.34607.119
MinimumVisualStudioVersion = 10.0.40219.1
Project("{9A19103F-16F7-4668-BE54-9A1E7A4F7556}") = "IdentityService.WebAPI", "Hipoo.Eng\IdentityService.WebAPI.csproj", "{C3A58A21-9C49-4C8A-B256-8C2DF5B61CB5}"
EndProject
Project("{2150E333-8FDC-42A3-9474-1A3956D46DE8}") = "Commons", "Commons", "{84A2AF24-B086-47BC-AEDA-0139D7402615}"
EndProject
Project("{2150E333-8FDC-42A3-9474-1A3956D46DE8}") = "IdentityService", "IdentityService", "{9246C2B7-2346-41AC-94AF-087A0D7570D8}"
EndProject
Project("{9A19103F-16F7-4668-BE54-9A1E7A4F7556}") = "IdentityService.Infrastructure", "IdentityService.Infrastructure\IdentityService.Infrastructure.csproj", "{234B6BF8-D520-4551-87B9-B00EF73C8950}"
EndProject
Project("{9A19103F-16F7-4668-BE54-9A1E7A4F7556}") = "IdentityService.Domain", "IdentityService.WebAPI\IdentityService.Domain.csproj", "{5A6FD375-A60F-480A-8BAC-B52A2994D477}"
EndProject
Project("{9A19103F-16F7-4668-BE54-9A1E7A4F7556}") = "Common.JWT", "Common.JWT\Common.JWT.csproj", "{DDDEB035-A87D-494A-982B-0EBF56512D20}"
EndProject
Project("{9A19103F-16F7-4668-BE54-9A1E7A4F7556}") = "Common.Infrastructure", "Common.Infrastructure\Common.Infrastructure.csproj", "{3ACCD798-698B-496F-9E8A-4CF46F4FC28A}"
EndProject
Project("{9A19103F-16F7-4668-BE54-9A1E7A4F7556}") = "Common.Common", "Common.Common\Common.Common.csproj", "{0CFA38F2-219F-48B0-88B8-E77E2E5AFEF4}"
EndProject
Project("{9A19103F-16F7-4668-BE54-9A1E7A4F7556}") = "CommonInitializer", "CommonInitializer\CommonInitializer.csproj", "{A616715F-B38E-482D-949F-B3AF59C6E1B1}"
EndProject
Project("{9A19103F-16F7-4668-BE54-9A1E7A4F7556}") = "Common.EventBus", "Common.EventBus\Common.EventBus.csproj", "{01E90028-2F91-457D-B026-53334A2409BA}"
EndProject
Project("{2150E333-8FDC-42A3-9474-1A3956D46DE8}") = "FileService", "FileService", "{C737CCBA-CD33-49A6-8143-877DF699DF67}"
EndProject
Project("{9A19103F-16F7-4668-BE54-9A1E7A4F7556}") = "FileService.Domain", "FileService.Domain\FileService.Domain.csproj", "{752AB09C-8BBF-4DCF-9792-58D33E7250A0}"
EndProject
Project("{9A19103F-16F7-4668-BE54-9A1E7A4F7556}") = "FileService.Infrastructure", "FileService.Infrastructure\FileService.Infrastructure.csproj", "{E489CF54-9007-450C-BD7A-ADA01C31D153}"
EndProject
Project("{9A19103F-16F7-4668-BE54-9A1E7A4F7556}") = "FileService.WebAPI", "FileService.WebAPI\FileService.WebAPI.csproj", "{F31F5A12-24B7-4C62-AB1C-B97A9E5158D8}"
EndProject
Project("{9A19103F-16F7-4668-BE54-9A1E7A4F7556}") = "Common.Domain", "Common.Domain\Common.Domain.csproj", "{BE30A971-1D18-4A45-8974-615F4EB582B4}"
EndProject
Project("{9A19103F-16F7-4668-BE54-9A1E7A4F7556}") = "Common.ASPNETCore", "Common.ASPNETCore\Common.ASPNETCore.csproj", "{8B07488B-B957-4A23-8157-15F2DCE60556}"
EndProject
Project("{2150E333-8FDC-42A3-9474-1A3956D46DE8}") = "Listening", "Listening", "{EAECC975-BC05-4F28-A751-980A8D08A72C}"
EndProject
Project("{9A19103F-16F7-4668-BE54-9A1E7A4F7556}") = "Listening.Admin.WebAPI", "Listening.Admin.WebAPI\Listening.Admin.WebAPI.csproj", "{01307BF9-7781-46C1-B885-A65199BCF8DB}"
EndProject
Project("{9A19103F-16F7-4668-BE54-9A1E7A4F7556}") = "Listening.Main.WebAPI", "Listening.Main.WebAPI\Listening.Main.WebAPI.csproj", "{843EB22E-719B-4F42-B819-ABC47C3DAC88}"
EndProject
Project("{9A19103F-16F7-4668-BE54-9A1E7A4F7556}") = "Listening.Domain", "Listening.Domain\Listening.Domain.csproj", "{723482F3-A245-4F18-85BA-78D6EB99730C}"
EndProject
Project("{9A19103F-16F7-4668-BE54-9A1E7A4F7556}") = "Listening.Infrastructure", "Listening.Infrastructure\Listening.Infrastructure.csproj", "{8DA3F6D5-14A0-46D7-B237-49CC9EAC2B4A}"
EndProject
Project("{2150E333-8FDC-42A3-9474-1A3956D46DE8}") = "MediaEncoder", "MediaEncoder", "{0D1B8ACD-1C55-4D58-9EA4-C30E4ECC408E}"
EndProject
Project("{9A19103F-16F7-4668-BE54-9A1E7A4F7556}") = "MediaEncoder.Domain", "MediaEncoder.Domain\MediaEncoder.Domain.csproj", "{5EB842D2-AB7E-445A-8288-1B8E196A049C}"
EndProject
Project("{9A19103F-16F7-4668-BE54-9A1E7A4F7556}") = "MediaEncoder.Infrastructure", "MediaEncoder.Infrastructure\MediaEncoder.Infrastructure.csproj", "{0CBF686D-2A44-47A6-BA2C-4FCF312689CE}"
EndProject
Project("{9A19103F-16F7-4668-BE54-9A1E7A4F7556}") = "MediaEncoder.WebAPI", "MediaEncoder.WebAPI\MediaEncoder.WebAPI.csproj", "{98E633B4-A2D7-48EF-811F-C9D3B5397B84}"
EndProject
Project("{FAE04EC0-301F-11D3-BF4B-00C04F79EFBC}") = "FileService.SDK.NETCore", "FileService.SDK.NETCore\FileService.SDK.NETCore.csproj", "{76130104-B644-4251-BA04-79B28FF9955D}"
EndProject
Global
	GlobalSection(SolutionConfigurationPlatforms) = preSolution
		Debug|Any CPU = Debug|Any CPU
		Release|Any CPU = Release|Any CPU
	EndGlobalSection
	GlobalSection(ProjectConfigurationPlatforms) = postSolution
		{C3A58A21-9C49-4C8A-B256-8C2DF5B61CB5}.Debug|Any CPU.ActiveCfg = Debug|Any CPU
		{C3A58A21-9C49-4C8A-B256-8C2DF5B61CB5}.Debug|Any CPU.Build.0 = Debug|Any CPU
		{C3A58A21-9C49-4C8A-B256-8C2DF5B61CB5}.Release|Any CPU.ActiveCfg = Release|Any CPU
		{C3A58A21-9C49-4C8A-B256-8C2DF5B61CB5}.Release|Any CPU.Build.0 = Release|Any CPU
		{234B6BF8-D520-4551-87B9-B00EF73C8950}.Debug|Any CPU.ActiveCfg = Debug|Any CPU
		{234B6BF8-D520-4551-87B9-B00EF73C8950}.Debug|Any CPU.Build.0 = Debug|Any CPU
		{234B6BF8-D520-4551-87B9-B00EF73C8950}.Release|Any CPU.ActiveCfg = Release|Any CPU
		{234B6BF8-D520-4551-87B9-B00EF73C8950}.Release|Any CPU.Build.0 = Release|Any CPU
		{5A6FD375-A60F-480A-8BAC-B52A2994D477}.Debug|Any CPU.ActiveCfg = Debug|Any CPU
		{5A6FD375-A60F-480A-8BAC-B52A2994D477}.Debug|Any CPU.Build.0 = Debug|Any CPU
		{5A6FD375-A60F-480A-8BAC-B52A2994D477}.Release|Any CPU.ActiveCfg = Release|Any CPU
		{5A6FD375-A60F-480A-8BAC-B52A2994D477}.Release|Any CPU.Build.0 = Release|Any CPU
		{DDDEB035-A87D-494A-982B-0EBF56512D20}.Debug|Any CPU.ActiveCfg = Debug|Any CPU
		{DDDEB035-A87D-494A-982B-0EBF56512D20}.Debug|Any CPU.Build.0 = Debug|Any CPU
		{DDDEB035-A87D-494A-982B-0EBF56512D20}.Release|Any CPU.ActiveCfg = Release|Any CPU
		{DDDEB035-A87D-494A-982B-0EBF56512D20}.Release|Any CPU.Build.0 = Release|Any CPU
		{3ACCD798-698B-496F-9E8A-4CF46F4FC28A}.Debug|Any CPU.ActiveCfg = Debug|Any CPU
		{3ACCD798-698B-496F-9E8A-4CF46F4FC28A}.Debug|Any CPU.Build.0 = Debug|Any CPU
		{3ACCD798-698B-496F-9E8A-4CF46F4FC28A}.Release|Any CPU.ActiveCfg = Release|Any CPU
		{3ACCD798-698B-496F-9E8A-4CF46F4FC28A}.Release|Any CPU.Build.0 = Release|Any CPU
		{0CFA38F2-219F-48B0-88B8-E77E2E5AFEF4}.Debug|Any CPU.ActiveCfg = Debug|Any CPU
		{0CFA38F2-219F-48B0-88B8-E77E2E5AFEF4}.Debug|Any CPU.Build.0 = Debug|Any CPU
		{0CFA38F2-219F-48B0-88B8-E77E2E5AFEF4}.Release|Any CPU.ActiveCfg = Release|Any CPU
		{0CFA38F2-219F-48B0-88B8-E77E2E5AFEF4}.Release|Any CPU.Build.0 = Release|Any CPU
		{A616715F-B38E-482D-949F-B3AF59C6E1B1}.Debug|Any CPU.ActiveCfg = Debug|Any CPU
		{A616715F-B38E-482D-949F-B3AF59C6E1B1}.Debug|Any CPU.Build.0 = Debug|Any CPU
		{A616715F-B38E-482D-949F-B3AF59C6E1B1}.Release|Any CPU.ActiveCfg = Release|Any CPU
		{A616715F-B38E-482D-949F-B3AF59C6E1B1}.Release|Any CPU.Build.0 = Release|Any CPU
		{01E90028-2F91-457D-B026-53334A2409BA}.Debug|Any CPU.ActiveCfg = Debug|Any CPU
		{01E90028-2F91-457D-B026-53334A2409BA}.Debug|Any CPU.Build.0 = Debug|Any CPU
		{01E90028-2F91-457D-B026-53334A2409BA}.Release|Any CPU.ActiveCfg = Release|Any CPU
		{01E90028-2F91-457D-B026-53334A2409BA}.Release|Any CPU.Build.0 = Release|Any CPU
		{752AB09C-8BBF-4DCF-9792-58D33E7250A0}.Debug|Any CPU.ActiveCfg = Debug|Any CPU
		{752AB09C-8BBF-4DCF-9792-58D33E7250A0}.Debug|Any CPU.Build.0 = Debug|Any CPU
		{752AB09C-8BBF-4DCF-9792-58D33E7250A0}.Release|Any CPU.ActiveCfg = Release|Any CPU
		{752AB09C-8BBF-4DCF-9792-58D33E7250A0}.Release|Any CPU.Build.0 = Release|Any CPU
		{E489CF54-9007-450C-BD7A-ADA01C31D153}.Debug|Any CPU.ActiveCfg = Debug|Any CPU
		{E489CF54-9007-450C-BD7A-ADA01C31D153}.Debug|Any CPU.Build.0 = Debug|Any CPU
		{E489CF54-9007-450C-BD7A-ADA01C31D153}.Release|Any CPU.ActiveCfg = Release|Any CPU
		{E489CF54-9007-450C-BD7A-ADA01C31D153}.Release|Any CPU.Build.0 = Release|Any CPU
		{F31F5A12-24B7-4C62-AB1C-B97A9E5158D8}.Debug|Any CPU.ActiveCfg = Debug|Any CPU
		{F31F5A12-24B7-4C62-AB1C-B97A9E5158D8}.Debug|Any CPU.Build.0 = Debug|Any CPU
		{F31F5A12-24B7-4C62-AB1C-B97A9E5158D8}.Release|Any CPU.ActiveCfg = Release|Any CPU
		{F31F5A12-24B7-4C62-AB1C-B97A9E5158D8}.Release|Any CPU.Build.0 = Release|Any CPU
		{BE30A971-1D18-4A45-8974-615F4EB582B4}.Debug|Any CPU.ActiveCfg = Debug|Any CPU
		{BE30A971-1D18-4A45-8974-615F4EB582B4}.Debug|Any CPU.Build.0 = Debug|Any CPU
		{BE30A971-1D18-4A45-8974-615F4EB582B4}.Release|Any CPU.ActiveCfg = Release|Any CPU
		{BE30A971-1D18-4A45-8974-615F4EB582B4}.Release|Any CPU.Build.0 = Release|Any CPU
		{8B07488B-B957-4A23-8157-15F2DCE60556}.Debug|Any CPU.ActiveCfg = Debug|Any CPU
		{8B07488B-B957-4A23-8157-15F2DCE60556}.Debug|Any CPU.Build.0 = Debug|Any CPU
		{8B07488B-B957-4A23-8157-15F2DCE60556}.Release|Any CPU.ActiveCfg = Release|Any CPU
		{8B07488B-B957-4A23-8157-15F2DCE60556}.Release|Any CPU.Build.0 = Release|Any CPU
		{01307BF9-7781-46C1-B885-A65199BCF8DB}.Debug|Any CPU.ActiveCfg = Debug|Any CPU
		{01307BF9-7781-46C1-B885-A65199BCF8DB}.Debug|Any CPU.Build.0 = Debug|Any CPU
		{01307BF9-7781-46C1-B885-A65199BCF8DB}.Release|Any CPU.ActiveCfg = Release|Any CPU
		{01307BF9-7781-46C1-B885-A65199BCF8DB}.Release|Any CPU.Build.0 = Release|Any CPU
		{843EB22E-719B-4F42-B819-ABC47C3DAC88}.Debug|Any CPU.ActiveCfg = Debug|Any CPU
		{843EB22E-719B-4F42-B819-ABC47C3DAC88}.Debug|Any CPU.Build.0 = Debug|Any CPU
		{843EB22E-719B-4F42-B819-ABC47C3DAC88}.Release|Any CPU.ActiveCfg = Release|Any CPU
		{843EB22E-719B-4F42-B819-ABC47C3DAC88}.Release|Any CPU.Build.0 = Release|Any CPU
		{723482F3-A245-4F18-85BA-78D6EB99730C}.Debug|Any CPU.ActiveCfg = Debug|Any CPU
		{723482F3-A245-4F18-85BA-78D6EB99730C}.Debug|Any CPU.Build.0 = Debug|Any CPU
		{723482F3-A245-4F18-85BA-78D6EB99730C}.Release|Any CPU.ActiveCfg = Release|Any CPU
		{723482F3-A245-4F18-85BA-78D6EB99730C}.Release|Any CPU.Build.0 = Release|Any CPU
		{8DA3F6D5-14A0-46D7-B237-49CC9EAC2B4A}.Debug|Any CPU.ActiveCfg = Debug|Any CPU
		{8DA3F6D5-14A0-46D7-B237-49CC9EAC2B4A}.Debug|Any CPU.Build.0 = Debug|Any CPU
		{8DA3F6D5-14A0-46D7-B237-49CC9EAC2B4A}.Release|Any CPU.ActiveCfg = Release|Any CPU
		{8DA3F6D5-14A0-46D7-B237-49CC9EAC2B4A}.Release|Any CPU.Build.0 = Release|Any CPU
		{5EB842D2-AB7E-445A-8288-1B8E196A049C}.Debug|Any CPU.ActiveCfg = Debug|Any CPU
		{5EB842D2-AB7E-445A-8288-1B8E196A049C}.Debug|Any CPU.Build.0 = Debug|Any CPU
		{5EB842D2-AB7E-445A-8288-1B8E196A049C}.Release|Any CPU.ActiveCfg = Release|Any CPU
		{5EB842D2-AB7E-445A-8288-1B8E196A049C}.Release|Any CPU.Build.0 = Release|Any CPU
		{0CBF686D-2A44-47A6-BA2C-4FCF312689CE}.Debug|Any CPU.ActiveCfg = Debug|Any CPU
		{0CBF686D-2A44-47A6-BA2C-4FCF312689CE}.Debug|Any CPU.Build.0 = Debug|Any CPU
		{0CBF686D-2A44-47A6-BA2C-4FCF312689CE}.Release|Any CPU.ActiveCfg = Release|Any CPU
		{0CBF686D-2A44-47A6-BA2C-4FCF312689CE}.Release|Any CPU.Build.0 = Release|Any CPU
		{98E633B4-A2D7-48EF-811F-C9D3B5397B84}.Debug|Any CPU.ActiveCfg = Debug|Any CPU
		{98E633B4-A2D7-48EF-811F-C9D3B5397B84}.Debug|Any CPU.Build.0 = Debug|Any CPU
		{98E633B4-A2D7-48EF-811F-C9D3B5397B84}.Release|Any CPU.ActiveCfg = Release|Any CPU
		{98E633B4-A2D7-48EF-811F-C9D3B5397B84}.Release|Any CPU.Build.0 = Release|Any CPU
		{76130104-B644-4251-BA04-79B28FF9955D}.Debug|Any CPU.ActiveCfg = Debug|Any CPU
		{76130104-B644-4251-BA04-79B28FF9955D}.Debug|Any CPU.Build.0 = Debug|Any CPU
		{76130104-B644-4251-BA04-79B28FF9955D}.Release|Any CPU.ActiveCfg = Release|Any CPU
		{76130104-B644-4251-BA04-79B28FF9955D}.Release|Any CPU.Build.0 = Release|Any CPU
	EndGlobalSection
	GlobalSection(SolutionProperties) = preSolution
		HideSolutionNode = FALSE
	EndGlobalSection
	GlobalSection(NestedProjects) = preSolution
		{C3A58A21-9C49-4C8A-B256-8C2DF5B61CB5} = {9246C2B7-2346-41AC-94AF-087A0D7570D8}
		{234B6BF8-D520-4551-87B9-B00EF73C8950} = {9246C2B7-2346-41AC-94AF-087A0D7570D8}
		{5A6FD375-A60F-480A-8BAC-B52A2994D477} = {9246C2B7-2346-41AC-94AF-087A0D7570D8}
		{DDDEB035-A87D-494A-982B-0EBF56512D20} = {84A2AF24-B086-47BC-AEDA-0139D7402615}
		{3ACCD798-698B-496F-9E8A-4CF46F4FC28A} = {84A2AF24-B086-47BC-AEDA-0139D7402615}
		{0CFA38F2-219F-48B0-88B8-E77E2E5AFEF4} = {84A2AF24-B086-47BC-AEDA-0139D7402615}
		{A616715F-B38E-482D-949F-B3AF59C6E1B1} = {84A2AF24-B086-47BC-AEDA-0139D7402615}
		{01E90028-2F91-457D-B026-53334A2409BA} = {84A2AF24-B086-47BC-AEDA-0139D7402615}
		{752AB09C-8BBF-4DCF-9792-58D33E7250A0} = {C737CCBA-CD33-49A6-8143-877DF699DF67}
		{E489CF54-9007-450C-BD7A-ADA01C31D153} = {C737CCBA-CD33-49A6-8143-877DF699DF67}
		{F31F5A12-24B7-4C62-AB1C-B97A9E5158D8} = {C737CCBA-CD33-49A6-8143-877DF699DF67}
		{BE30A971-1D18-4A45-8974-615F4EB582B4} = {84A2AF24-B086-47BC-AEDA-0139D7402615}
		{8B07488B-B957-4A23-8157-15F2DCE60556} = {84A2AF24-B086-47BC-AEDA-0139D7402615}
		{01307BF9-7781-46C1-B885-A65199BCF8DB} = {EAECC975-BC05-4F28-A751-980A8D08A72C}
		{843EB22E-719B-4F42-B819-ABC47C3DAC88} = {EAECC975-BC05-4F28-A751-980A8D08A72C}
		{723482F3-A245-4F18-85BA-78D6EB99730C} = {EAECC975-BC05-4F28-A751-980A8D08A72C}
		{8DA3F6D5-14A0-46D7-B237-49CC9EAC2B4A} = {EAECC975-BC05-4F28-A751-980A8D08A72C}
		{5EB842D2-AB7E-445A-8288-1B8E196A049C} = {0D1B8ACD-1C55-4D58-9EA4-C30E4ECC408E}
		{0CBF686D-2A44-47A6-BA2C-4FCF312689CE} = {0D1B8ACD-1C55-4D58-9EA4-C30E4ECC408E}
		{98E633B4-A2D7-48EF-811F-C9D3B5397B84} = {0D1B8ACD-1C55-4D58-9EA4-C30E4ECC408E}
		{76130104-B644-4251-BA04-79B28FF9955D} = {C737CCBA-CD33-49A6-8143-877DF699DF67}
	EndGlobalSection
	GlobalSection(ExtensibilityGlobals) = postSolution
		SolutionGuid = {00C94158-962A-48B5-BD89-E014BCD12F3B}
	EndGlobalSection
EndGlobal
